{
  "version": 4,
  "terraform_version": "1.6.4",
  "serial": 785,
  "lineage": "6634f653-056d-b725-2f34-7d002c4a396c",
  "outputs": {},
  "resources": [
    {
      "mode": "data",
      "type": "utils_yaml_merge",
      "name": "model",
      "provider": "provider[\"registry.terraform.io/netascode/utils\"]",
      "instances": [
        {
          "schema_version": 0,
          "attributes": {
            "id": "905432278e49d3c5c3e5937744e050df0cbe61f7",
            "input": [
              "---\nfabric:\n  inventory:\n\n    FENs:\n      - name: FEN1\n        url: https://192.168.217.21\n#      - name: FEN2\n#        url: https://192.168.217.22\n\n    FBNs:\n      - name: FBN1\n        url: https://192.168.217.11\n",
              "---\nfabric:\n  underlay:\n    loopbacks:\n      - device: FBN1\n        ipv4_address: 192.168.254.11/32\n        isis_net: 49.0001.0000.0000.0011.00\n      - device: FEN1\n        ipv4_address: 192.168.254.21/32\n        isis_net: 49.0001.0000.0000.0021.00\n      - device: FEN2\n        ipv4_address: 192.168.254.22/32\n        isis_net: 49.0001.0000.0000.0021.00\n    interfaces:\n      - ref: FEN1_1_1\n        device: FEN1\n        id: eth1/1\n        description: FBN1 eth1/1\n        ipv4_address: 192.168.253.111/31\n        vrf: default\n      - ref: FEN1_1_2\n        device: FEN1\n        id: eth1/2\n        description: FBN1 eth1/2\n        ipv4_address: 192.168.253.113/31\n        vrf: default\n      - ref: FBN1_1_1\n        device: FBN1\n        id: eth1/1\n        description: FEN1 eth1/1\n        ipv4_address: 192.168.253.110/31\n        vrf: default\n      - ref: FBN1_1_2\n        device: FBN1\n        id: eth1/2\n        description: FEN1 eth1/2\n        ipv4_address: 192.168.253.112/31\n        vrf: default\n\n"
            ],
            "merge_list_items": true,
            "output": "fabric:\n    inventory:\n        FBNs:\n            - name: FBN1\n              url: https://192.168.217.11\n        FENs:\n            - name: FEN1\n              url: https://192.168.217.21\n    underlay:\n        interfaces:\n            - description: FBN1 eth1/1\n              device: FEN1\n              id: eth1/1\n              ipv4_address: 192.168.253.111/31\n              ref: FEN1_1_1\n              vrf: default\n            - description: FBN1 eth1/2\n              device: FEN1\n              id: eth1/2\n              ipv4_address: 192.168.253.113/31\n              ref: FEN1_1_2\n              vrf: default\n            - description: FEN1 eth1/1\n              device: FBN1\n              id: eth1/1\n              ipv4_address: 192.168.253.110/31\n              ref: FBN1_1_1\n              vrf: default\n            - description: FEN1 eth1/2\n              device: FBN1\n              id: eth1/2\n              ipv4_address: 192.168.253.112/31\n              ref: FBN1_1_2\n              vrf: default\n        loopbacks:\n            - device: FBN1\n              ipv4_address: 192.168.254.11/32\n              isis_net: 49.0001.0000.0000.0011.00\n            - device: FEN1\n              ipv4_address: 192.168.254.21/32\n              isis_net: 49.0001.0000.0000.0021.00\n            - device: FEN2\n              ipv4_address: 192.168.254.22/32\n              isis_net: 49.0001.0000.0000.0021.00\n"
          },
          "sensitive_attributes": []
        }
      ]
    },
    {
      "mode": "managed",
      "type": "nxos_feature_isis",
      "name": "underlay",
      "provider": "provider[\"registry.terraform.io/ciscodevnet/nxos\"]",
      "instances": [
        {
          "index_key": "FBN1",
          "schema_version": 0,
          "attributes": {
            "admin_state": "enabled",
            "device": "FBN1",
            "id": "sys/fm/isis"
          },
          "sensitive_attributes": [],
          "dependencies": [
            "data.utils_yaml_merge.model"
          ]
        },
        {
          "index_key": "FEN1",
          "schema_version": 0,
          "attributes": {
            "admin_state": "enabled",
            "device": "FEN1",
            "id": "sys/fm/isis"
          },
          "sensitive_attributes": [],
          "dependencies": [
            "data.utils_yaml_merge.model"
          ]
        }
      ]
    },
    {
      "mode": "managed",
      "type": "nxos_ipv4_interface",
      "name": "loopback0",
      "provider": "provider[\"registry.terraform.io/ciscodevnet/nxos\"]",
      "instances": [
        {
          "index_key": "FBN1",
          "schema_version": 0,
          "attributes": {
            "device": "FBN1",
            "drop_glean": "disabled",
            "forward": "disabled",
            "id": "sys/ipv4/inst/dom-[default]/if-[lo0]",
            "interface_id": "lo0",
            "unnumbered": "unspecified",
            "urpf": "disabled",
            "vrf": "default"
          },
          "sensitive_attributes": [],
          "dependencies": [
            "data.utils_yaml_merge.model"
          ]
        },
        {
          "index_key": "FEN1",
          "schema_version": 0,
          "attributes": {
            "device": "FEN1",
            "drop_glean": "disabled",
            "forward": "disabled",
            "id": "sys/ipv4/inst/dom-[default]/if-[lo0]",
            "interface_id": "lo0",
            "unnumbered": "unspecified",
            "urpf": "disabled",
            "vrf": "default"
          },
          "sensitive_attributes": [],
          "dependencies": [
            "data.utils_yaml_merge.model"
          ]
        }
      ]
    },
    {
      "mode": "managed",
      "type": "nxos_ipv4_interface",
      "name": "loopback99",
      "provider": "provider[\"registry.terraform.io/ciscodevnet/nxos\"]",
      "instances": [
        {
          "index_key": "FBN1",
          "schema_version": 0,
          "attributes": {
            "device": "FBN1",
            "drop_glean": "disabled",
            "forward": "disabled",
            "id": "sys/ipv4/inst/dom-[infra]/if-[lo99]",
            "interface_id": "lo99",
            "unnumbered": "unspecified",
            "urpf": "disabled",
            "vrf": "infra"
          },
          "sensitive_attributes": [],
          "dependencies": [
            "data.utils_yaml_merge.model"
          ]
        },
        {
          "index_key": "FEN1",
          "schema_version": 0,
          "attributes": {
            "device": "FEN1",
            "drop_glean": "disabled",
            "forward": "disabled",
            "id": "sys/ipv4/inst/dom-[infra]/if-[lo99]",
            "interface_id": "lo99",
            "unnumbered": "unspecified",
            "urpf": "disabled",
            "vrf": "infra"
          },
          "sensitive_attributes": [],
          "dependencies": [
            "data.utils_yaml_merge.model"
          ]
        }
      ]
    },
    {
      "mode": "managed",
      "type": "nxos_ipv4_interface",
      "name": "underlay_if",
      "provider": "provider[\"registry.terraform.io/ciscodevnet/nxos\"]",
      "instances": [
        {
          "index_key": "FBN1_1_1",
          "schema_version": 0,
          "attributes": {
            "device": "FBN1",
            "drop_glean": "disabled",
            "forward": "disabled",
            "id": "sys/ipv4/inst/dom-[default]/if-[eth1/1]",
            "interface_id": "eth1/1",
            "unnumbered": "unspecified",
            "urpf": "disabled",
            "vrf": "default"
          },
          "sensitive_attributes": [],
          "dependencies": [
            "data.utils_yaml_merge.model",
            "nxos_ipv4_vrf.default",
            "nxos_physical_interface.underlay_if"
          ]
        },
        {
          "index_key": "FBN1_1_2",
          "schema_version": 0,
          "attributes": {
            "device": "FBN1",
            "drop_glean": "disabled",
            "forward": "disabled",
            "id": "sys/ipv4/inst/dom-[default]/if-[eth1/2]",
            "interface_id": "eth1/2",
            "unnumbered": "unspecified",
            "urpf": "disabled",
            "vrf": "default"
          },
          "sensitive_attributes": [],
          "dependencies": [
            "data.utils_yaml_merge.model",
            "nxos_ipv4_vrf.default",
            "nxos_physical_interface.underlay_if"
          ]
        },
        {
          "index_key": "FEN1_1_1",
          "schema_version": 0,
          "attributes": {
            "device": "FEN1",
            "drop_glean": "disabled",
            "forward": "disabled",
            "id": "sys/ipv4/inst/dom-[default]/if-[eth1/1]",
            "interface_id": "eth1/1",
            "unnumbered": "unspecified",
            "urpf": "disabled",
            "vrf": "default"
          },
          "sensitive_attributes": [],
          "dependencies": [
            "data.utils_yaml_merge.model",
            "nxos_ipv4_vrf.default",
            "nxos_physical_interface.underlay_if"
          ]
        },
        {
          "index_key": "FEN1_1_2",
          "schema_version": 0,
          "attributes": {
            "device": "FEN1",
            "drop_glean": "disabled",
            "forward": "disabled",
            "id": "sys/ipv4/inst/dom-[default]/if-[eth1/2]",
            "interface_id": "eth1/2",
            "unnumbered": "unspecified",
            "urpf": "disabled",
            "vrf": "default"
          },
          "sensitive_attributes": [],
          "dependencies": [
            "data.utils_yaml_merge.model",
            "nxos_ipv4_vrf.default",
            "nxos_physical_interface.underlay_if"
          ]
        }
      ]
    },
    {
      "mode": "managed",
      "type": "nxos_ipv4_interface_address",
      "name": "loopback0",
      "provider": "provider[\"registry.terraform.io/ciscodevnet/nxos\"]",
      "instances": [
        {
          "index_key": "FBN1",
          "schema_version": 0,
          "attributes": {
            "address": "192.168.254.11/32",
            "device": "FBN1",
            "id": "sys/ipv4/inst/dom-[default]/if-[loopback0]/addr-[192.168.254.11/32]",
            "interface_id": "loopback0",
            "type": "primary",
            "vrf": "default"
          },
          "sensitive_attributes": [],
          "dependencies": [
            "data.utils_yaml_merge.model",
            "nxos_loopback_interface.loopback0",
            "nxos_vrf.infra"
          ]
        },
        {
          "index_key": "FEN1",
          "schema_version": 0,
          "attributes": {
            "address": "192.168.254.21/32",
            "device": "FEN1",
            "id": "sys/ipv4/inst/dom-[default]/if-[loopback0]/addr-[192.168.254.21/32]",
            "interface_id": "loopback0",
            "type": "primary",
            "vrf": "default"
          },
          "sensitive_attributes": [],
          "dependencies": [
            "data.utils_yaml_merge.model",
            "nxos_loopback_interface.loopback0",
            "nxos_vrf.infra"
          ]
        }
      ]
    },
    {
      "mode": "managed",
      "type": "nxos_ipv4_interface_address",
      "name": "loopback99",
      "provider": "provider[\"registry.terraform.io/ciscodevnet/nxos\"]",
      "instances": [
        {
          "index_key": "FBN1",
          "schema_version": 0,
          "attributes": {
            "address": "192.168.254.11/32",
            "device": "FBN1",
            "id": "sys/ipv4/inst/dom-[infra]/if-[loopback99]/addr-[192.168.254.11/32]",
            "interface_id": "loopback99",
            "type": "primary",
            "vrf": "infra"
          },
          "sensitive_attributes": [],
          "dependencies": [
            "data.utils_yaml_merge.model",
            "nxos_loopback_interface.loopback99",
            "nxos_vrf.infra"
          ]
        },
        {
          "index_key": "FEN1",
          "schema_version": 0,
          "attributes": {
            "address": "192.168.254.21/32",
            "device": "FEN1",
            "id": "sys/ipv4/inst/dom-[infra]/if-[loopback99]/addr-[192.168.254.21/32]",
            "interface_id": "loopback99",
            "type": "primary",
            "vrf": "infra"
          },
          "sensitive_attributes": [],
          "dependencies": [
            "data.utils_yaml_merge.model",
            "nxos_loopback_interface.loopback99",
            "nxos_vrf.infra"
          ]
        }
      ]
    },
    {
      "mode": "managed",
      "type": "nxos_ipv4_interface_address",
      "name": "underlay_if",
      "provider": "provider[\"registry.terraform.io/ciscodevnet/nxos\"]",
      "instances": [
        {
          "index_key": "FBN1_1_1",
          "schema_version": 0,
          "attributes": {
            "address": "192.168.253.110/31",
            "device": "FBN1",
            "id": "sys/ipv4/inst/dom-[default]/if-[eth1/1]/addr-[192.168.253.110/31]",
            "interface_id": "eth1/1",
            "type": "primary",
            "vrf": "default"
          },
          "sensitive_attributes": [],
          "dependencies": [
            "data.utils_yaml_merge.model",
            "nxos_ipv4_vrf.default",
            "nxos_physical_interface.underlay_if"
          ]
        },
        {
          "index_key": "FBN1_1_2",
          "schema_version": 0,
          "attributes": {
            "address": "192.168.253.112/31",
            "device": "FBN1",
            "id": "sys/ipv4/inst/dom-[default]/if-[eth1/2]/addr-[192.168.253.112/31]",
            "interface_id": "eth1/2",
            "type": "primary",
            "vrf": "default"
          },
          "sensitive_attributes": [],
          "dependencies": [
            "data.utils_yaml_merge.model",
            "nxos_ipv4_vrf.default",
            "nxos_physical_interface.underlay_if"
          ]
        },
        {
          "index_key": "FEN1_1_1",
          "schema_version": 0,
          "attributes": {
            "address": "192.168.253.111/31",
            "device": "FEN1",
            "id": "sys/ipv4/inst/dom-[default]/if-[eth1/1]/addr-[192.168.253.111/31]",
            "interface_id": "eth1/1",
            "type": "primary",
            "vrf": "default"
          },
          "sensitive_attributes": [],
          "dependencies": [
            "data.utils_yaml_merge.model",
            "nxos_ipv4_vrf.default",
            "nxos_physical_interface.underlay_if"
          ]
        },
        {
          "index_key": "FEN1_1_2",
          "schema_version": 0,
          "attributes": {
            "address": "192.168.253.113/31",
            "device": "FEN1",
            "id": "sys/ipv4/inst/dom-[default]/if-[eth1/2]/addr-[192.168.253.113/31]",
            "interface_id": "eth1/2",
            "type": "primary",
            "vrf": "default"
          },
          "sensitive_attributes": [],
          "dependencies": [
            "data.utils_yaml_merge.model",
            "nxos_ipv4_vrf.default",
            "nxos_physical_interface.underlay_if"
          ]
        }
      ]
    },
    {
      "mode": "managed",
      "type": "nxos_ipv4_vrf",
      "name": "default",
      "provider": "provider[\"registry.terraform.io/ciscodevnet/nxos\"]",
      "instances": [
        {
          "schema_version": 0,
          "attributes": {
            "device": null,
            "id": "sys/ipv4/inst/dom-[default]",
            "name": "default"
          },
          "sensitive_attributes": [],
          "dependencies": [
            "data.utils_yaml_merge.model"
          ]
        }
      ]
    },
    {
      "mode": "managed",
      "type": "nxos_isis",
      "name": "underlay",
      "provider": "provider[\"registry.terraform.io/ciscodevnet/nxos\"]",
      "instances": [
        {
          "index_key": "FBN1",
          "schema_version": 0,
          "attributes": {
            "admin_state": "enabled",
            "device": "FBN1",
            "id": "sys/isis"
          },
          "sensitive_attributes": [],
          "dependencies": [
            "data.utils_yaml_merge.model"
          ]
        },
        {
          "index_key": "FEN1",
          "schema_version": 0,
          "attributes": {
            "admin_state": "enabled",
            "device": "FEN1",
            "id": "sys/isis"
          },
          "sensitive_attributes": [],
          "dependencies": [
            "data.utils_yaml_merge.model"
          ]
        }
      ]
    },
    {
      "mode": "managed",
      "type": "nxos_isis_instance",
      "name": "underlay",
      "provider": "provider[\"registry.terraform.io/ciscodevnet/nxos\"]",
      "instances": [
        {
          "index_key": "FBN1",
          "schema_version": 0,
          "attributes": {
            "admin_state": "enabled",
            "device": "FBN1",
            "id": "sys/isis/inst-[underlay]",
            "name": "underlay"
          },
          "sensitive_attributes": [],
          "dependencies": [
            "data.utils_yaml_merge.model",
            "nxos_isis.underlay"
          ]
        },
        {
          "index_key": "FEN1",
          "schema_version": 0,
          "attributes": {
            "admin_state": "enabled",
            "device": "FEN1",
            "id": "sys/isis/inst-[underlay]",
            "name": "underlay"
          },
          "sensitive_attributes": [],
          "dependencies": [
            "data.utils_yaml_merge.model",
            "nxos_isis.underlay"
          ]
        }
      ]
    },
    {
      "mode": "managed",
      "type": "nxos_isis_interface",
      "name": "underlay_if",
      "provider": "provider[\"registry.terraform.io/ciscodevnet/nxos\"]",
      "instances": [
        {
          "index_key": "FBN1_1_1",
          "schema_version": 0,
          "attributes": {
            "authentication_check": true,
            "authentication_check_l1": true,
            "authentication_check_l2": true,
            "authentication_key": null,
            "authentication_key_l1": null,
            "authentication_key_l2": null,
            "authentication_type": "unknown",
            "authentication_type_l1": "unknown",
            "authentication_type_l2": "unknown",
            "circuit_type": "l12",
            "device": "FBN1",
            "hello_interval": 10,
            "hello_interval_l1": 10,
            "hello_interval_l2": 10,
            "hello_multiplier": 3,
            "hello_multiplier_l1": 3,
            "hello_multiplier_l2": 3,
            "hello_padding": "always",
            "id": "sys/isis/if-[eth1/1]",
            "interface_id": "eth1/1",
            "metric_l1": 16777216,
            "metric_l2": 16777216,
            "mtu_check": false,
            "mtu_check_l1": false,
            "mtu_check_l2": false,
            "network_type_p2p": "on",
            "passive": "inheritDef",
            "priority_l1": 64,
            "priority_l2": 64,
            "vrf": "default"
          },
          "sensitive_attributes": [],
          "dependencies": [
            "data.utils_yaml_merge.model",
            "nxos_ipv4_interface_address.underlay_if",
            "nxos_ipv4_vrf.default",
            "nxos_isis.underlay",
            "nxos_isis_instance.underlay",
            "nxos_isis_vrf.underlay",
            "nxos_physical_interface.underlay_if"
          ]
        },
        {
          "index_key": "FBN1_1_2",
          "schema_version": 0,
          "attributes": {
            "authentication_check": true,
            "authentication_check_l1": true,
            "authentication_check_l2": true,
            "authentication_key": null,
            "authentication_key_l1": null,
            "authentication_key_l2": null,
            "authentication_type": "unknown",
            "authentication_type_l1": "unknown",
            "authentication_type_l2": "unknown",
            "circuit_type": "l12",
            "device": "FBN1",
            "hello_interval": 10,
            "hello_interval_l1": 10,
            "hello_interval_l2": 10,
            "hello_multiplier": 3,
            "hello_multiplier_l1": 3,
            "hello_multiplier_l2": 3,
            "hello_padding": "always",
            "id": "sys/isis/if-[eth1/2]",
            "interface_id": "eth1/2",
            "metric_l1": 16777216,
            "metric_l2": 16777216,
            "mtu_check": false,
            "mtu_check_l1": false,
            "mtu_check_l2": false,
            "network_type_p2p": "on",
            "passive": "inheritDef",
            "priority_l1": 64,
            "priority_l2": 64,
            "vrf": "default"
          },
          "sensitive_attributes": [],
          "dependencies": [
            "data.utils_yaml_merge.model",
            "nxos_ipv4_interface_address.underlay_if",
            "nxos_ipv4_vrf.default",
            "nxos_isis.underlay",
            "nxos_isis_instance.underlay",
            "nxos_isis_vrf.underlay",
            "nxos_physical_interface.underlay_if"
          ]
        },
        {
          "index_key": "FEN1_1_1",
          "schema_version": 0,
          "attributes": {
            "authentication_check": true,
            "authentication_check_l1": true,
            "authentication_check_l2": true,
            "authentication_key": null,
            "authentication_key_l1": null,
            "authentication_key_l2": null,
            "authentication_type": "unknown",
            "authentication_type_l1": "unknown",
            "authentication_type_l2": "unknown",
            "circuit_type": "l12",
            "device": "FEN1",
            "hello_interval": 10,
            "hello_interval_l1": 10,
            "hello_interval_l2": 10,
            "hello_multiplier": 3,
            "hello_multiplier_l1": 3,
            "hello_multiplier_l2": 3,
            "hello_padding": "always",
            "id": "sys/isis/if-[eth1/1]",
            "interface_id": "eth1/1",
            "metric_l1": 16777216,
            "metric_l2": 16777216,
            "mtu_check": false,
            "mtu_check_l1": false,
            "mtu_check_l2": false,
            "network_type_p2p": "on",
            "passive": "inheritDef",
            "priority_l1": 64,
            "priority_l2": 64,
            "vrf": "default"
          },
          "sensitive_attributes": [],
          "dependencies": [
            "data.utils_yaml_merge.model",
            "nxos_ipv4_interface_address.underlay_if",
            "nxos_ipv4_vrf.default",
            "nxos_isis.underlay",
            "nxos_isis_instance.underlay",
            "nxos_isis_vrf.underlay",
            "nxos_physical_interface.underlay_if"
          ]
        },
        {
          "index_key": "FEN1_1_2",
          "schema_version": 0,
          "attributes": {
            "authentication_check": true,
            "authentication_check_l1": true,
            "authentication_check_l2": true,
            "authentication_key": null,
            "authentication_key_l1": null,
            "authentication_key_l2": null,
            "authentication_type": "unknown",
            "authentication_type_l1": "unknown",
            "authentication_type_l2": "unknown",
            "circuit_type": "l12",
            "device": "FEN1",
            "hello_interval": 10,
            "hello_interval_l1": 10,
            "hello_interval_l2": 10,
            "hello_multiplier": 3,
            "hello_multiplier_l1": 3,
            "hello_multiplier_l2": 3,
            "hello_padding": "always",
            "id": "sys/isis/if-[eth1/2]",
            "interface_id": "eth1/2",
            "metric_l1": 16777216,
            "metric_l2": 16777216,
            "mtu_check": false,
            "mtu_check_l1": false,
            "mtu_check_l2": false,
            "network_type_p2p": "on",
            "passive": "inheritDef",
            "priority_l1": 64,
            "priority_l2": 64,
            "vrf": "default"
          },
          "sensitive_attributes": [],
          "dependencies": [
            "data.utils_yaml_merge.model",
            "nxos_ipv4_interface_address.underlay_if",
            "nxos_ipv4_vrf.default",
            "nxos_isis.underlay",
            "nxos_isis_instance.underlay",
            "nxos_isis_vrf.underlay",
            "nxos_physical_interface.underlay_if"
          ]
        }
      ]
    },
    {
      "mode": "managed",
      "type": "nxos_isis_interface",
      "name": "underlay_lo",
      "provider": "provider[\"registry.terraform.io/ciscodevnet/nxos\"]",
      "instances": [
        {
          "index_key": "FBN1",
          "schema_version": 0,
          "attributes": {
            "authentication_check": true,
            "authentication_check_l1": true,
            "authentication_check_l2": true,
            "authentication_key": null,
            "authentication_key_l1": null,
            "authentication_key_l2": null,
            "authentication_type": "unknown",
            "authentication_type_l1": "unknown",
            "authentication_type_l2": "unknown",
            "circuit_type": "l12",
            "device": "FBN1",
            "hello_interval": 10,
            "hello_interval_l1": 10,
            "hello_interval_l2": 10,
            "hello_multiplier": 3,
            "hello_multiplier_l1": 3,
            "hello_multiplier_l2": 3,
            "hello_padding": "always",
            "id": "sys/isis/if-[lo0]",
            "interface_id": "lo0",
            "metric_l1": 16777216,
            "metric_l2": 16777216,
            "mtu_check": false,
            "mtu_check_l1": false,
            "mtu_check_l2": false,
            "network_type_p2p": "on",
            "passive": "inheritDef",
            "priority_l1": 64,
            "priority_l2": 64,
            "vrf": "default"
          },
          "sensitive_attributes": [],
          "dependencies": [
            "data.utils_yaml_merge.model"
          ]
        },
        {
          "index_key": "FEN1",
          "schema_version": 0,
          "attributes": {
            "authentication_check": true,
            "authentication_check_l1": true,
            "authentication_check_l2": true,
            "authentication_key": null,
            "authentication_key_l1": null,
            "authentication_key_l2": null,
            "authentication_type": "unknown",
            "authentication_type_l1": "unknown",
            "authentication_type_l2": "unknown",
            "circuit_type": "l12",
            "device": "FEN1",
            "hello_interval": 10,
            "hello_interval_l1": 10,
            "hello_interval_l2": 10,
            "hello_multiplier": 3,
            "hello_multiplier_l1": 3,
            "hello_multiplier_l2": 3,
            "hello_padding": "always",
            "id": "sys/isis/if-[lo0]",
            "interface_id": "lo0",
            "metric_l1": 16777216,
            "metric_l2": 16777216,
            "mtu_check": false,
            "mtu_check_l1": false,
            "mtu_check_l2": false,
            "network_type_p2p": "on",
            "passive": "inheritDef",
            "priority_l1": 64,
            "priority_l2": 64,
            "vrf": "default"
          },
          "sensitive_attributes": [],
          "dependencies": [
            "data.utils_yaml_merge.model"
          ]
        }
      ]
    },
    {
      "mode": "managed",
      "type": "nxos_isis_vrf",
      "name": "underlay",
      "provider": "provider[\"registry.terraform.io/ciscodevnet/nxos\"]",
      "instances": [
        {
          "index_key": "FBN1",
          "schema_version": 0,
          "attributes": {
            "admin_state": "enabled",
            "authentication_check_l1": true,
            "authentication_check_l2": true,
            "authentication_key_l1": null,
            "authentication_key_l2": null,
            "authentication_type_l1": "unknown",
            "authentication_type_l2": "unknown",
            "bandwidth_reference": 40000,
            "banwidth_reference_unit": "mbps",
            "device": "FBN1",
            "id": "sys/isis/inst-[underlay]/dom-[default]",
            "instance_name": "underlay",
            "is_type": "l12",
            "metric_type": "wide",
            "mtu": 1492,
            "name": "default",
            "net": "49.0001.0000.0000.0011.00",
            "passive_default": "unknown"
          },
          "sensitive_attributes": [],
          "dependencies": [
            "data.utils_yaml_merge.model",
            "nxos_isis.underlay",
            "nxos_isis_instance.underlay"
          ]
        },
        {
          "index_key": "FEN1",
          "schema_version": 0,
          "attributes": {
            "admin_state": "enabled",
            "authentication_check_l1": true,
            "authentication_check_l2": true,
            "authentication_key_l1": null,
            "authentication_key_l2": null,
            "authentication_type_l1": "unknown",
            "authentication_type_l2": "unknown",
            "bandwidth_reference": 40000,
            "banwidth_reference_unit": "mbps",
            "device": "FEN1",
            "id": "sys/isis/inst-[underlay]/dom-[default]",
            "instance_name": "underlay",
            "is_type": "l12",
            "metric_type": "wide",
            "mtu": 1492,
            "name": "default",
            "net": "49.0001.0000.0000.0021.00",
            "passive_default": "unknown"
          },
          "sensitive_attributes": [],
          "dependencies": [
            "data.utils_yaml_merge.model",
            "nxos_isis.underlay",
            "nxos_isis_instance.underlay"
          ]
        }
      ]
    },
    {
      "mode": "managed",
      "type": "nxos_loopback_interface",
      "name": "loopback0",
      "provider": "provider[\"registry.terraform.io/ciscodevnet/nxos\"]",
      "instances": [
        {
          "index_key": "FBN1",
          "schema_version": 0,
          "attributes": {
            "admin_state": "up",
            "description": "Loopback for fabric operation",
            "device": "FBN1",
            "id": "sys/intf/lb-[lo0]",
            "interface_id": "lo0"
          },
          "sensitive_attributes": [],
          "dependencies": [
            "data.utils_yaml_merge.model"
          ]
        },
        {
          "index_key": "FEN1",
          "schema_version": 0,
          "attributes": {
            "admin_state": "up",
            "description": "Loopback for fabric operation",
            "device": "FEN1",
            "id": "sys/intf/lb-[lo0]",
            "interface_id": "lo0"
          },
          "sensitive_attributes": [],
          "dependencies": [
            "data.utils_yaml_merge.model"
          ]
        }
      ]
    },
    {
      "mode": "managed",
      "type": "nxos_loopback_interface",
      "name": "loopback99",
      "provider": "provider[\"registry.terraform.io/ciscodevnet/nxos\"]",
      "instances": [
        {
          "index_key": "FBN1",
          "schema_version": 0,
          "attributes": {
            "admin_state": "up",
            "description": "Loopback for fabric operation",
            "device": "FBN1",
            "id": "sys/intf/lb-[lo99]",
            "interface_id": "lo99"
          },
          "sensitive_attributes": [],
          "dependencies": [
            "data.utils_yaml_merge.model"
          ]
        },
        {
          "index_key": "FEN1",
          "schema_version": 0,
          "attributes": {
            "admin_state": "up",
            "description": "Loopback for fabric operation",
            "device": "FEN1",
            "id": "sys/intf/lb-[lo99]",
            "interface_id": "lo99"
          },
          "sensitive_attributes": [],
          "dependencies": [
            "data.utils_yaml_merge.model"
          ]
        }
      ]
    },
    {
      "mode": "managed",
      "type": "nxos_loopback_interface_vrf",
      "name": "loopback0",
      "provider": "provider[\"registry.terraform.io/ciscodevnet/nxos\"]",
      "instances": [
        {
          "index_key": "FBN1",
          "schema_version": 0,
          "attributes": {
            "device": "FBN1",
            "id": "sys/intf/lb-[lo0]/rtvrfMbr",
            "interface_id": "lo0",
            "vrf_dn": "sys/inst-default"
          },
          "sensitive_attributes": [],
          "dependencies": [
            "data.utils_yaml_merge.model",
            "nxos_vrf.infra"
          ]
        },
        {
          "index_key": "FEN1",
          "schema_version": 0,
          "attributes": {
            "device": "FEN1",
            "id": "sys/intf/lb-[lo0]/rtvrfMbr",
            "interface_id": "lo0",
            "vrf_dn": "sys/inst-default"
          },
          "sensitive_attributes": [],
          "dependencies": [
            "data.utils_yaml_merge.model",
            "nxos_vrf.infra"
          ]
        }
      ]
    },
    {
      "mode": "managed",
      "type": "nxos_loopback_interface_vrf",
      "name": "loopback99",
      "provider": "provider[\"registry.terraform.io/ciscodevnet/nxos\"]",
      "instances": [
        {
          "index_key": "FBN1",
          "schema_version": 0,
          "attributes": {
            "device": "FBN1",
            "id": "sys/intf/lb-[lo99]/rtvrfMbr",
            "interface_id": "lo99",
            "vrf_dn": "sys/inst-infra"
          },
          "sensitive_attributes": [],
          "dependencies": [
            "data.utils_yaml_merge.model",
            "nxos_vrf.infra"
          ]
        },
        {
          "index_key": "FEN1",
          "schema_version": 0,
          "attributes": {
            "device": "FEN1",
            "id": "sys/intf/lb-[lo99]/rtvrfMbr",
            "interface_id": "lo99",
            "vrf_dn": "sys/inst-infra"
          },
          "sensitive_attributes": [],
          "dependencies": [
            "data.utils_yaml_merge.model",
            "nxos_vrf.infra"
          ]
        }
      ]
    },
    {
      "mode": "managed",
      "type": "nxos_physical_interface",
      "name": "underlay_if",
      "provider": "provider[\"registry.terraform.io/ciscodevnet/nxos\"]",
      "instances": [
        {
          "index_key": "FBN1_1_1",
          "schema_version": 0,
          "attributes": {
            "access_vlan": "vlan-1",
            "admin_state": "up",
            "auto_negotiation": "on",
            "bandwidth": 0,
            "delay": 1,
            "description": "FEN1 eth1/1",
            "device": "FBN1",
            "duplex": "auto",
            "fec_mode": "auto",
            "id": "sys/intf/phys-[eth1/1]",
            "interface_id": "eth1/1",
            "layer": "Layer3",
            "link_debounce_down": 100,
            "link_debounce_up": 0,
            "link_logging": "default",
            "medium": "broadcast",
            "mode": "access",
            "mtu": 9100,
            "native_vlan": "vlan-1",
            "speed": "auto",
            "speed_group": "auto",
            "trunk_vlans": "1-4094",
            "uni_directional_ethernet": "disable",
            "user_configured_flags": null
          },
          "sensitive_attributes": [],
          "dependencies": [
            "data.utils_yaml_merge.model"
          ]
        },
        {
          "index_key": "FBN1_1_2",
          "schema_version": 0,
          "attributes": {
            "access_vlan": "vlan-1",
            "admin_state": "up",
            "auto_negotiation": "on",
            "bandwidth": 0,
            "delay": 1,
            "description": "FEN1 eth1/2",
            "device": "FBN1",
            "duplex": "auto",
            "fec_mode": "auto",
            "id": "sys/intf/phys-[eth1/2]",
            "interface_id": "eth1/2",
            "layer": "Layer3",
            "link_debounce_down": 100,
            "link_debounce_up": 0,
            "link_logging": "default",
            "medium": "broadcast",
            "mode": "access",
            "mtu": 9100,
            "native_vlan": "vlan-1",
            "speed": "auto",
            "speed_group": "auto",
            "trunk_vlans": "1-4094",
            "uni_directional_ethernet": "disable",
            "user_configured_flags": null
          },
          "sensitive_attributes": [],
          "dependencies": [
            "data.utils_yaml_merge.model"
          ]
        },
        {
          "index_key": "FEN1_1_1",
          "schema_version": 0,
          "attributes": {
            "access_vlan": "vlan-1",
            "admin_state": "up",
            "auto_negotiation": "on",
            "bandwidth": 0,
            "delay": 1,
            "description": "FBN1 eth1/1",
            "device": "FEN1",
            "duplex": "auto",
            "fec_mode": "auto",
            "id": "sys/intf/phys-[eth1/1]",
            "interface_id": "eth1/1",
            "layer": "Layer3",
            "link_debounce_down": 100,
            "link_debounce_up": 0,
            "link_logging": "default",
            "medium": "broadcast",
            "mode": "access",
            "mtu": 9100,
            "native_vlan": "vlan-1",
            "speed": "auto",
            "speed_group": "auto",
            "trunk_vlans": "1-4094",
            "uni_directional_ethernet": "disable",
            "user_configured_flags": null
          },
          "sensitive_attributes": [],
          "dependencies": [
            "data.utils_yaml_merge.model"
          ]
        },
        {
          "index_key": "FEN1_1_2",
          "schema_version": 0,
          "attributes": {
            "access_vlan": "vlan-1",
            "admin_state": "up",
            "auto_negotiation": "on",
            "bandwidth": 0,
            "delay": 1,
            "description": "FBN1 eth1/2",
            "device": "FEN1",
            "duplex": "auto",
            "fec_mode": "auto",
            "id": "sys/intf/phys-[eth1/2]",
            "interface_id": "eth1/2",
            "layer": "Layer3",
            "link_debounce_down": 100,
            "link_debounce_up": 0,
            "link_logging": "default",
            "medium": "broadcast",
            "mode": "access",
            "mtu": 9100,
            "native_vlan": "vlan-1",
            "speed": "auto",
            "speed_group": "auto",
            "trunk_vlans": "1-4094",
            "uni_directional_ethernet": "disable",
            "user_configured_flags": null
          },
          "sensitive_attributes": [],
          "dependencies": [
            "data.utils_yaml_merge.model"
          ]
        }
      ]
    },
    {
      "mode": "managed",
      "type": "nxos_physical_interface_vrf",
      "name": "underlay_if",
      "provider": "provider[\"registry.terraform.io/ciscodevnet/nxos\"]",
      "instances": [
        {
          "index_key": "FBN1_1_1",
          "schema_version": 0,
          "attributes": {
            "device": "FBN1",
            "id": "sys/intf/phys-[eth1/1]/rtvrfMbr",
            "interface_id": "eth1/1",
            "vrf_dn": "sys/inst-default"
          },
          "sensitive_attributes": [],
          "dependencies": [
            "data.utils_yaml_merge.model",
            "nxos_ipv4_vrf.default",
            "nxos_physical_interface.underlay_if"
          ]
        },
        {
          "index_key": "FBN1_1_2",
          "schema_version": 0,
          "attributes": {
            "device": "FBN1",
            "id": "sys/intf/phys-[eth1/2]/rtvrfMbr",
            "interface_id": "eth1/2",
            "vrf_dn": "sys/inst-default"
          },
          "sensitive_attributes": [],
          "dependencies": [
            "data.utils_yaml_merge.model",
            "nxos_ipv4_vrf.default",
            "nxos_physical_interface.underlay_if"
          ]
        },
        {
          "index_key": "FEN1_1_1",
          "schema_version": 0,
          "attributes": {
            "device": "FEN1",
            "id": "sys/intf/phys-[eth1/1]/rtvrfMbr",
            "interface_id": "eth1/1",
            "vrf_dn": "sys/inst-default"
          },
          "sensitive_attributes": [],
          "dependencies": [
            "data.utils_yaml_merge.model",
            "nxos_ipv4_vrf.default",
            "nxos_physical_interface.underlay_if"
          ]
        },
        {
          "index_key": "FEN1_1_2",
          "schema_version": 0,
          "attributes": {
            "device": "FEN1",
            "id": "sys/intf/phys-[eth1/2]/rtvrfMbr",
            "interface_id": "eth1/2",
            "vrf_dn": "sys/inst-default"
          },
          "sensitive_attributes": [],
          "dependencies": [
            "data.utils_yaml_merge.model",
            "nxos_ipv4_vrf.default",
            "nxos_physical_interface.underlay_if"
          ]
        }
      ]
    },
    {
      "mode": "managed",
      "type": "nxos_rest",
      "name": "isis_advertise",
      "provider": "provider[\"registry.terraform.io/ciscodevnet/nxos\"]",
      "instances": [
        {
          "index_key": "FBN1",
          "schema_version": 0,
          "attributes": {
            "children": null,
            "class_name": "isisAdvertiseInt",
            "content": {
              "advtIf": "lo0"
            },
            "delete": true,
            "device": "FBN1",
            "dn": "sys/isis/inst-underlay/dom-default/af-v4",
            "id": "sys/isis/inst-underlay/dom-default/af-v4"
          },
          "sensitive_attributes": [],
          "dependencies": [
            "data.utils_yaml_merge.model"
          ]
        },
        {
          "index_key": "FEN1",
          "schema_version": 0,
          "attributes": {
            "children": null,
            "class_name": "isisAdvertiseInt",
            "content": {
              "advtIf": "lo0"
            },
            "delete": true,
            "device": "FEN1",
            "dn": "sys/isis/inst-underlay/dom-default/af-v4",
            "id": "sys/isis/inst-underlay/dom-default/af-v4"
          },
          "sensitive_attributes": [],
          "dependencies": [
            "data.utils_yaml_merge.model"
          ]
        }
      ]
    },
    {
      "mode": "managed",
      "type": "nxos_rest",
      "name": "isis_af",
      "provider": "provider[\"registry.terraform.io/ciscodevnet/nxos\"]",
      "instances": [
        {
          "index_key": "FBN1",
          "schema_version": 0,
          "attributes": {
            "children": null,
            "class_name": "isisDomAf",
            "content": {
              "type": "v4"
            },
            "delete": true,
            "device": "FBN1",
            "dn": "sys/isis/inst-underlay/dom-default",
            "id": "sys/isis/inst-underlay/dom-default"
          },
          "sensitive_attributes": [],
          "dependencies": [
            "data.utils_yaml_merge.model"
          ]
        },
        {
          "index_key": "FEN1",
          "schema_version": 0,
          "attributes": {
            "children": null,
            "class_name": "isisDomAf",
            "content": {
              "type": "v4"
            },
            "delete": true,
            "device": "FEN1",
            "dn": "sys/isis/inst-underlay/dom-default",
            "id": "sys/isis/inst-underlay/dom-default"
          },
          "sensitive_attributes": [],
          "dependencies": [
            "data.utils_yaml_merge.model"
          ]
        }
      ]
    },
    {
      "mode": "managed",
      "type": "nxos_rest",
      "name": "underlay_if",
      "provider": "provider[\"registry.terraform.io/ciscodevnet/nxos\"]",
      "instances": [
        {
          "index_key": "FBN1_1_1",
          "schema_version": 0,
          "attributes": {
            "children": null,
            "class_name": "isisInternalIf",
            "content": {
              "id": "eth1/1",
              "instance": "underlay",
              "v4enable": "yes"
            },
            "delete": true,
            "device": "FBN1",
            "dn": "sys/isis/if-[default]",
            "id": null
          },
          "sensitive_attributes": [],
          "dependencies": [
            "data.utils_yaml_merge.model"
          ]
        },
        {
          "index_key": "FBN1_1_2",
          "schema_version": 0,
          "attributes": {
            "children": null,
            "class_name": "isisInternalIf",
            "content": {
              "id": "eth1/2",
              "instance": "underlay",
              "v4enable": "yes"
            },
            "delete": true,
            "device": "FBN1",
            "dn": "sys/isis/if-[default]",
            "id": null
          },
          "sensitive_attributes": [],
          "dependencies": [
            "data.utils_yaml_merge.model"
          ]
        },
        {
          "index_key": "FEN1_1_1",
          "schema_version": 0,
          "attributes": {
            "children": null,
            "class_name": "isisInternalIf",
            "content": {
              "id": "eth1/1",
              "instance": "underlay",
              "v4enable": "yes"
            },
            "delete": true,
            "device": "FEN1",
            "dn": "sys/isis/if-[default]",
            "id": null
          },
          "sensitive_attributes": [],
          "dependencies": [
            "data.utils_yaml_merge.model"
          ]
        },
        {
          "index_key": "FEN1_1_2",
          "schema_version": 0,
          "attributes": {
            "children": null,
            "class_name": "isisInternalIf",
            "content": {
              "id": "eth1/2",
              "instance": "underlay",
              "v4enable": "yes"
            },
            "delete": true,
            "device": "FEN1",
            "dn": "sys/isis/if-[default]",
            "id": null
          },
          "sensitive_attributes": [],
          "dependencies": [
            "data.utils_yaml_merge.model"
          ]
        }
      ]
    },
    {
      "mode": "managed",
      "type": "nxos_vrf",
      "name": "default",
      "provider": "provider[\"registry.terraform.io/ciscodevnet/nxos\"]",
      "instances": [
        {
          "index_key": "FBN1",
          "schema_version": 0,
          "attributes": {
            "description": null,
            "device": "FBN1",
            "encap": "unknown",
            "id": "sys/inst-[default]",
            "name": "default"
          },
          "sensitive_attributes": [],
          "dependencies": [
            "data.utils_yaml_merge.model"
          ]
        },
        {
          "index_key": "FEN1",
          "schema_version": 0,
          "attributes": {
            "description": null,
            "device": "FEN1",
            "encap": "unknown",
            "id": "sys/inst-[default]",
            "name": "default"
          },
          "sensitive_attributes": [],
          "dependencies": [
            "data.utils_yaml_merge.model"
          ]
        }
      ]
    },
    {
      "mode": "managed",
      "type": "nxos_vrf",
      "name": "infra",
      "provider": "provider[\"registry.terraform.io/ciscodevnet/nxos\"]",
      "instances": [
        {
          "index_key": "FBN1",
          "schema_version": 0,
          "attributes": {
            "description": "Infrastructure",
            "device": "FBN1",
            "encap": "vxlan-103901",
            "id": "sys/inst-[infra]",
            "name": "infra"
          },
          "sensitive_attributes": [],
          "dependencies": [
            "data.utils_yaml_merge.model"
          ]
        },
        {
          "index_key": "FEN1",
          "schema_version": 0,
          "attributes": {
            "description": "Infrastructure",
            "device": "FEN1",
            "encap": "vxlan-103901",
            "id": "sys/inst-[infra]",
            "name": "infra"
          },
          "sensitive_attributes": [],
          "dependencies": [
            "data.utils_yaml_merge.model"
          ]
        }
      ]
    }
  ],
  "check_results": null
}
